// !$*UTF8*$!
{
	archiveVersion = 1;
	classes = {
	};
	objectVersion = 51;
	objects = {

/* Begin PBXBuildFile section */
		5A8B0467B8ABB5657863AE8F /* libPods-Fintechband test.a in Frameworks */ = {isa = PBXBuildFile; fileRef = 58C90EF1A940FAF4D5DA86C0 /* libPods-Fintechband test.a */; };
		6CF6BFE822D33B3700116DE9 /* AppDelegate.swift in Sources */ = {isa = PBXBuildFile; fileRef = 6CF6BFE722D33B3700116DE9 /* AppDelegate.swift */; };
		6CF6BFED22D33B3700116DE9 /* Main.storyboard in Resources */ = {isa = PBXBuildFile; fileRef = 6CF6BFEB22D33B3700116DE9 /* Main.storyboard */; };
		6CF6BFEF22D33B3800116DE9 /* Assets.xcassets in Resources */ = {isa = PBXBuildFile; fileRef = 6CF6BFEE22D33B3800116DE9 /* Assets.xcassets */; };
		6CF6BFF222D33B3800116DE9 /* LaunchScreen.storyboard in Resources */ = {isa = PBXBuildFile; fileRef = 6CF6BFF022D33B3800116DE9 /* LaunchScreen.storyboard */; };
		6CF6C00422D346BB00116DE9 /* TokenInput.storyboard in Resources */ = {isa = PBXBuildFile; fileRef = 6CF6C00322D346BB00116DE9 /* TokenInput.storyboard */; };
		6CF6C00622D346CD00116DE9 /* StatementDetail.storyboard in Resources */ = {isa = PBXBuildFile; fileRef = 6CF6C00522D346CD00116DE9 /* StatementDetail.storyboard */; };
		6CF6C00822D346D800116DE9 /* StatementList.storyboard in Resources */ = {isa = PBXBuildFile; fileRef = 6CF6C00722D346D800116DE9 /* StatementList.storyboard */; };
		6CF6C00C22D347AD00116DE9 /* Coordinator.swift in Sources */ = {isa = PBXBuildFile; fileRef = 6CF6C00B22D347AD00116DE9 /* Coordinator.swift */; };
		6CF6C01022D348AB00116DE9 /* Constants.swift in Sources */ = {isa = PBXBuildFile; fileRef = 6CF6C00F22D348AB00116DE9 /* Constants.swift */; };
		6CF6C01222D349F100116DE9 /* BaseViewController.swift in Sources */ = {isa = PBXBuildFile; fileRef = 6CF6C01122D349F100116DE9 /* BaseViewController.swift */; };
		6CF6C01422D34A2B00116DE9 /* StoryboardInitializable.swift in Sources */ = {isa = PBXBuildFile; fileRef = 6CF6C01322D34A2B00116DE9 /* StoryboardInitializable.swift */; };
		6CF6C01822D34A6E00116DE9 /* TokenInputViewModel.swift in Sources */ = {isa = PBXBuildFile; fileRef = 6CF6C01522D34A6E00116DE9 /* TokenInputViewModel.swift */; };
		6CF6C01922D34A6E00116DE9 /* TokenInputCoordinator.swift in Sources */ = {isa = PBXBuildFile; fileRef = 6CF6C01622D34A6E00116DE9 /* TokenInputCoordinator.swift */; };
		6CF6C01A22D34A6E00116DE9 /* TokenInputViewController.swift in Sources */ = {isa = PBXBuildFile; fileRef = 6CF6C01722D34A6E00116DE9 /* TokenInputViewController.swift */; };
		6CF6C01D22D34CEB00116DE9 /* ReadOnce.swift in Sources */ = {isa = PBXBuildFile; fileRef = 6CF6C01B22D34CEB00116DE9 /* ReadOnce.swift */; };
		6CF6C01E22D34CEB00116DE9 /* Alert.swift in Sources */ = {isa = PBXBuildFile; fileRef = 6CF6C01C22D34CEB00116DE9 /* Alert.swift */; };
		6CF6C02022D34D1B00116DE9 /* ApiService.swift in Sources */ = {isa = PBXBuildFile; fileRef = 6CF6C01F22D34D1B00116DE9 /* ApiService.swift */; };
		6CF6C02322D34D4300116DE9 /* Client.swift in Sources */ = {isa = PBXBuildFile; fileRef = 6CF6C02122D34D4300116DE9 /* Client.swift */; };
		6CF6C02422D34D4300116DE9 /* StatementItem.swift in Sources */ = {isa = PBXBuildFile; fileRef = 6CF6C02222D34D4300116DE9 /* StatementItem.swift */; };
		6CF6C02622D34EC800116DE9 /* UIViewController+Extra.swift in Sources */ = {isa = PBXBuildFile; fileRef = 6CF6C02522D34EC800116DE9 /* UIViewController+Extra.swift */; };
		6CF6C02822D353B600116DE9 /* Session.swift in Sources */ = {isa = PBXBuildFile; fileRef = 6CF6C02722D353B600116DE9 /* Session.swift */; };
		6CF6C02E22D3580200116DE9 /* StatementTableViewCell.swift in Sources */ = {isa = PBXBuildFile; fileRef = 6CF6C02922D3580100116DE9 /* StatementTableViewCell.swift */; };
		6CF6C02F22D3580200116DE9 /* StatementCellViewModel.swift in Sources */ = {isa = PBXBuildFile; fileRef = 6CF6C02A22D3580100116DE9 /* StatementCellViewModel.swift */; };
		6CF6C03022D3580200116DE9 /* StatementListViewController.swift in Sources */ = {isa = PBXBuildFile; fileRef = 6CF6C02B22D3580100116DE9 /* StatementListViewController.swift */; };
		6CF6C03122D3580200116DE9 /* StatementListCoordinator.swift in Sources */ = {isa = PBXBuildFile; fileRef = 6CF6C02C22D3580100116DE9 /* StatementListCoordinator.swift */; };
		6CF6C03222D3580200116DE9 /* StatementListViewModel.swift in Sources */ = {isa = PBXBuildFile; fileRef = 6CF6C02D22D3580100116DE9 /* StatementListViewModel.swift */; };
		6CF6C03622D35B0500116DE9 /* StatementItemDetailViewModel.swift in Sources */ = {isa = PBXBuildFile; fileRef = 6CF6C03322D35B0500116DE9 /* StatementItemDetailViewModel.swift */; };
		6CF6C03722D35B0500116DE9 /* StatementItemDetailViewController.swift in Sources */ = {isa = PBXBuildFile; fileRef = 6CF6C03422D35B0500116DE9 /* StatementItemDetailViewController.swift */; };
		6CF6C03822D35B0500116DE9 /* StatementItemDetailCoordinator.swift in Sources */ = {isa = PBXBuildFile; fileRef = 6CF6C03522D35B0500116DE9 /* StatementItemDetailCoordinator.swift */; };
		6CF6C03D22D377E500116DE9 /* Localizable.strings in Resources */ = {isa = PBXBuildFile; fileRef = 6CF6C03F22D377E500116DE9 /* Localizable.strings */; };
		6CF6C04122D37A7900116DE9 /* Double+Extra.swift in Sources */ = {isa = PBXBuildFile; fileRef = 6CF6C04022D37A7900116DE9 /* Double+Extra.swift */; };
		6CF6C04322D37C3100116DE9 /* Currencyes.swift in Sources */ = {isa = PBXBuildFile; fileRef = 6CF6C04222D37C3100116DE9 /* Currencyes.swift */; };
		6CF6C04722D37FC100116DE9 /* StatementDetailTableViewCell.swift in Sources */ = {isa = PBXBuildFile; fileRef = 6CF6C04622D37FC100116DE9 /* StatementDetailTableViewCell.swift */; };
		6CF6C04922D381AA00116DE9 /* StatementItem+Extra.swift in Sources */ = {isa = PBXBuildFile; fileRef = 6CF6C04822D381AA00116DE9 /* StatementItem+Extra.swift */; };
/* End PBXBuildFile section */

/* Begin PBXFileReference section */
		58C90EF1A940FAF4D5DA86C0 /* libPods-Fintechband test.a */ = {isa = PBXFileReference; explicitFileType = archive.ar; includeInIndex = 0; path = "libPods-Fintechband test.a"; sourceTree = BUILT_PRODUCTS_DIR; };
		6CF6BFE422D33B3700116DE9 /* Fintechband test.app */ = {isa = PBXFileReference; explicitFileType = wrapper.application; includeInIndex = 0; path = "Fintechband test.app"; sourceTree = BUILT_PRODUCTS_DIR; };
		6CF6BFE722D33B3700116DE9 /* AppDelegate.swift */ = {isa = PBXFileReference; lastKnownFileType = sourcecode.swift; path = AppDelegate.swift; sourceTree = "<group>"; };
		6CF6BFEC22D33B3700116DE9 /* Base */ = {isa = PBXFileReference; lastKnownFileType = file.storyboard; name = Base; path = Base.lproj/Main.storyboard; sourceTree = "<group>"; };
		6CF6BFEE22D33B3800116DE9 /* Assets.xcassets */ = {isa = PBXFileReference; lastKnownFileType = folder.assetcatalog; path = Assets.xcassets; sourceTree = "<group>"; };
		6CF6BFF122D33B3800116DE9 /* Base */ = {isa = PBXFileReference; lastKnownFileType = file.storyboard; name = Base; path = Base.lproj/LaunchScreen.storyboard; sourceTree = "<group>"; };
		6CF6BFF322D33B3800116DE9 /* Info.plist */ = {isa = PBXFileReference; lastKnownFileType = text.plist.xml; path = Info.plist; sourceTree = "<group>"; };
		6CF6C00322D346BB00116DE9 /* TokenInput.storyboard */ = {isa = PBXFileReference; lastKnownFileType = file.storyboard; path = TokenInput.storyboard; sourceTree = "<group>"; };
		6CF6C00522D346CD00116DE9 /* StatementDetail.storyboard */ = {isa = PBXFileReference; lastKnownFileType = file.storyboard; path = StatementDetail.storyboard; sourceTree = "<group>"; };
		6CF6C00722D346D800116DE9 /* StatementList.storyboard */ = {isa = PBXFileReference; lastKnownFileType = file.storyboard; path = StatementList.storyboard; sourceTree = "<group>"; };
		6CF6C00B22D347AD00116DE9 /* Coordinator.swift */ = {isa = PBXFileReference; lastKnownFileType = sourcecode.swift; path = Coordinator.swift; sourceTree = "<group>"; };
		6CF6C00F22D348AB00116DE9 /* Constants.swift */ = {isa = PBXFileReference; lastKnownFileType = sourcecode.swift; path = Constants.swift; sourceTree = "<group>"; };
		6CF6C01122D349F100116DE9 /* BaseViewController.swift */ = {isa = PBXFileReference; lastKnownFileType = sourcecode.swift; path = BaseViewController.swift; sourceTree = "<group>"; };
		6CF6C01322D34A2B00116DE9 /* StoryboardInitializable.swift */ = {isa = PBXFileReference; fileEncoding = 4; lastKnownFileType = sourcecode.swift; path = StoryboardInitializable.swift; sourceTree = "<group>"; };
		6CF6C01522D34A6E00116DE9 /* TokenInputViewModel.swift */ = {isa = PBXFileReference; fileEncoding = 4; lastKnownFileType = sourcecode.swift; path = TokenInputViewModel.swift; sourceTree = "<group>"; };
		6CF6C01622D34A6E00116DE9 /* TokenInputCoordinator.swift */ = {isa = PBXFileReference; fileEncoding = 4; lastKnownFileType = sourcecode.swift; path = TokenInputCoordinator.swift; sourceTree = "<group>"; };
		6CF6C01722D34A6E00116DE9 /* TokenInputViewController.swift */ = {isa = PBXFileReference; fileEncoding = 4; lastKnownFileType = sourcecode.swift; path = TokenInputViewController.swift; sourceTree = "<group>"; };
		6CF6C01B22D34CEB00116DE9 /* ReadOnce.swift */ = {isa = PBXFileReference; fileEncoding = 4; lastKnownFileType = sourcecode.swift; path = ReadOnce.swift; sourceTree = "<group>"; };
		6CF6C01C22D34CEB00116DE9 /* Alert.swift */ = {isa = PBXFileReference; fileEncoding = 4; lastKnownFileType = sourcecode.swift; path = Alert.swift; sourceTree = "<group>"; };
		6CF6C01F22D34D1B00116DE9 /* ApiService.swift */ = {isa = PBXFileReference; fileEncoding = 4; lastKnownFileType = sourcecode.swift; path = ApiService.swift; sourceTree = "<group>"; };
		6CF6C02122D34D4300116DE9 /* Client.swift */ = {isa = PBXFileReference; fileEncoding = 4; lastKnownFileType = sourcecode.swift; path = Client.swift; sourceTree = "<group>"; };
		6CF6C02222D34D4300116DE9 /* StatementItem.swift */ = {isa = PBXFileReference; fileEncoding = 4; lastKnownFileType = sourcecode.swift; path = StatementItem.swift; sourceTree = "<group>"; };
		6CF6C02522D34EC800116DE9 /* UIViewController+Extra.swift */ = {isa = PBXFileReference; fileEncoding = 4; lastKnownFileType = sourcecode.swift; path = "UIViewController+Extra.swift"; sourceTree = "<group>"; };
		6CF6C02722D353B600116DE9 /* Session.swift */ = {isa = PBXFileReference; fileEncoding = 4; lastKnownFileType = sourcecode.swift; path = Session.swift; sourceTree = "<group>"; };
		6CF6C02922D3580100116DE9 /* StatementTableViewCell.swift */ = {isa = PBXFileReference; fileEncoding = 4; lastKnownFileType = sourcecode.swift; path = StatementTableViewCell.swift; sourceTree = "<group>"; };
		6CF6C02A22D3580100116DE9 /* StatementCellViewModel.swift */ = {isa = PBXFileReference; fileEncoding = 4; lastKnownFileType = sourcecode.swift; path = StatementCellViewModel.swift; sourceTree = "<group>"; };
		6CF6C02B22D3580100116DE9 /* StatementListViewController.swift */ = {isa = PBXFileReference; fileEncoding = 4; lastKnownFileType = sourcecode.swift; path = StatementListViewController.swift; sourceTree = "<group>"; };
		6CF6C02C22D3580100116DE9 /* StatementListCoordinator.swift */ = {isa = PBXFileReference; fileEncoding = 4; lastKnownFileType = sourcecode.swift; path = StatementListCoordinator.swift; sourceTree = "<group>"; };
		6CF6C02D22D3580100116DE9 /* StatementListViewModel.swift */ = {isa = PBXFileReference; fileEncoding = 4; lastKnownFileType = sourcecode.swift; path = StatementListViewModel.swift; sourceTree = "<group>"; };
		6CF6C03322D35B0500116DE9 /* StatementItemDetailViewModel.swift */ = {isa = PBXFileReference; fileEncoding = 4; lastKnownFileType = sourcecode.swift; path = StatementItemDetailViewModel.swift; sourceTree = "<group>"; };
		6CF6C03422D35B0500116DE9 /* StatementItemDetailViewController.swift */ = {isa = PBXFileReference; fileEncoding = 4; lastKnownFileType = sourcecode.swift; path = StatementItemDetailViewController.swift; sourceTree = "<group>"; };
		6CF6C03522D35B0500116DE9 /* StatementItemDetailCoordinator.swift */ = {isa = PBXFileReference; fileEncoding = 4; lastKnownFileType = sourcecode.swift; path = StatementItemDetailCoordinator.swift; sourceTree = "<group>"; };
		6CF6C03E22D377E500116DE9 /* en */ = {isa = PBXFileReference; lastKnownFileType = text.plist.strings; name = en; path = en.lproj/Localizable.strings; sourceTree = "<group>"; };
		6CF6C04022D37A7900116DE9 /* Double+Extra.swift */ = {isa = PBXFileReference; lastKnownFileType = sourcecode.swift; path = "Double+Extra.swift"; sourceTree = "<group>"; };
		6CF6C04222D37C3100116DE9 /* Currencyes.swift */ = {isa = PBXFileReference; lastKnownFileType = sourcecode.swift; path = Currencyes.swift; sourceTree = "<group>"; };
		6CF6C04622D37FC100116DE9 /* StatementDetailTableViewCell.swift */ = {isa = PBXFileReference; fileEncoding = 4; lastKnownFileType = sourcecode.swift; path = StatementDetailTableViewCell.swift; sourceTree = "<group>"; };
		6CF6C04822D381AA00116DE9 /* StatementItem+Extra.swift */ = {isa = PBXFileReference; lastKnownFileType = sourcecode.swift; path = "StatementItem+Extra.swift"; sourceTree = "<group>"; };
		8E1C2F4BA3DD44EEAE835B73 /* Pods-Fintechband test.release.xcconfig */ = {isa = PBXFileReference; includeInIndex = 1; lastKnownFileType = text.xcconfig; name = "Pods-Fintechband test.release.xcconfig"; path = "Target Support Files/Pods-Fintechband test/Pods-Fintechband test.release.xcconfig"; sourceTree = "<group>"; };
		D692EDC8DCCD1B2159B6663A /* Pods-Fintechband test.debug.xcconfig */ = {isa = PBXFileReference; includeInIndex = 1; lastKnownFileType = text.xcconfig; name = "Pods-Fintechband test.debug.xcconfig"; path = "Target Support Files/Pods-Fintechband test/Pods-Fintechband test.debug.xcconfig"; sourceTree = "<group>"; };
/* End PBXFileReference section */

/* Begin PBXFrameworksBuildPhase section */
		6CF6BFE122D33B3700116DE9 /* Frameworks */ = {
			isa = PBXFrameworksBuildPhase;
			buildActionMask = 2147483647;
			files = (
				5A8B0467B8ABB5657863AE8F /* libPods-Fintechband test.a in Frameworks */,
			);
			runOnlyForDeploymentPostprocessing = 0;
		};
/* End PBXFrameworksBuildPhase section */

/* Begin PBXGroup section */
		4E0DF0F99CEF607D3D1A06D0 /* Frameworks */ = {
			isa = PBXGroup;
			children = (
				58C90EF1A940FAF4D5DA86C0 /* libPods-Fintechband test.a */,
			);
			name = Frameworks;
			sourceTree = "<group>";
		};
		6CF6BFDB22D33B3700116DE9 = {
			isa = PBXGroup;
			children = (
				6CF6BFE622D33B3700116DE9 /* Fintechband test */,
				6CF6BFE522D33B3700116DE9 /* Products */,
				A61A2BA17B529DE9E81CA5A6 /* Pods */,
				4E0DF0F99CEF607D3D1A06D0 /* Frameworks */,
			);
			sourceTree = "<group>";
		};
		6CF6BFE522D33B3700116DE9 /* Products */ = {
			isa = PBXGroup;
			children = (
				6CF6BFE422D33B3700116DE9 /* Fintechband test.app */,
			);
			name = Products;
			sourceTree = "<group>";
		};
		6CF6BFE622D33B3700116DE9 /* Fintechband test */ = {
			isa = PBXGroup;
			children = (
				6CF6C00A22D3479900116DE9 /* Coordinator */,
				6CF6C00922D346F200116DE9 /* Extensions */,
				6CF6C00222D3467900116DE9 /* Helpers */,
				6CF6C00122D3466700116DE9 /* Models */,
				6CF6C00022D3462700116DE9 /* Networking */,
				6CF6BFFB22D3442100116DE9 /* Resources */,
				6CF6BFF922D3440400116DE9 /* App */,
				6CF6BFFA22D3441800116DE9 /* Flows */,
			);
			path = "Fintechband test";
			sourceTree = "<group>";
		};
		6CF6BFF922D3440400116DE9 /* App */ = {
			isa = PBXGroup;
			children = (
				6CF6BFE722D33B3700116DE9 /* AppDelegate.swift */,
				6CF6BFF322D33B3800116DE9 /* Info.plist */,
			);
			path = App;
			sourceTree = "<group>";
		};
		6CF6BFFA22D3441800116DE9 /* Flows */ = {
			isa = PBXGroup;
			children = (
				6CF6BFFD22D3446E00116DE9 /* TokenInput */,
				6CF6BFFE22D3447A00116DE9 /* StatementList */,
				6CF6BFFF22D3448A00116DE9 /* StatementDetail */,
			);
			path = Flows;
			sourceTree = "<group>";
		};
		6CF6BFFB22D3442100116DE9 /* Resources */ = {
			isa = PBXGroup;
			children = (
				6CF6BFEE22D33B3800116DE9 /* Assets.xcassets */,
				6CF6BFFC22D3445000116DE9 /* Storyboards */,
				6CF6C03F22D377E500116DE9 /* Localizable.strings */,
			);
			path = Resources;
			sourceTree = "<group>";
		};
		6CF6BFFC22D3445000116DE9 /* Storyboards */ = {
			isa = PBXGroup;
			children = (
				6CF6BFEB22D33B3700116DE9 /* Main.storyboard */,
				6CF6BFF022D33B3800116DE9 /* LaunchScreen.storyboard */,
			);
			path = Storyboards;
			sourceTree = "<group>";
		};
		6CF6BFFD22D3446E00116DE9 /* TokenInput */ = {
			isa = PBXGroup;
			children = (
				6CF6C00322D346BB00116DE9 /* TokenInput.storyboard */,
				6CF6C01622D34A6E00116DE9 /* TokenInputCoordinator.swift */,
				6CF6C01722D34A6E00116DE9 /* TokenInputViewController.swift */,
				6CF6C01522D34A6E00116DE9 /* TokenInputViewModel.swift */,
			);
			path = TokenInput;
			sourceTree = "<group>";
		};
		6CF6BFFE22D3447A00116DE9 /* StatementList */ = {
			isa = PBXGroup;
			children = (
				6CF6C00722D346D800116DE9 /* StatementList.storyboard */,
				6CF6C02A22D3580100116DE9 /* StatementCellViewModel.swift */,
				6CF6C02C22D3580100116DE9 /* StatementListCoordinator.swift */,
				6CF6C02B22D3580100116DE9 /* StatementListViewController.swift */,
				6CF6C02D22D3580100116DE9 /* StatementListViewModel.swift */,
				6CF6C02922D3580100116DE9 /* StatementTableViewCell.swift */,
			);
			path = StatementList;
			sourceTree = "<group>";
		};
		6CF6BFFF22D3448A00116DE9 /* StatementDetail */ = {
			isa = PBXGroup;
			children = (
				6CF6C00522D346CD00116DE9 /* StatementDetail.storyboard */,
				6CF6C03522D35B0500116DE9 /* StatementItemDetailCoordinator.swift */,
				6CF6C03422D35B0500116DE9 /* StatementItemDetailViewController.swift */,
				6CF6C03322D35B0500116DE9 /* StatementItemDetailViewModel.swift */,
				6CF6C04622D37FC100116DE9 /* StatementDetailTableViewCell.swift */,
			);
			path = StatementDetail;
			sourceTree = "<group>";
		};
		6CF6C00022D3462700116DE9 /* Networking */ = {
			isa = PBXGroup;
			children = (
				6CF6C01F22D34D1B00116DE9 /* ApiService.swift */,
			);
			path = Networking;
			sourceTree = "<group>";
		};
		6CF6C00122D3466700116DE9 /* Models */ = {
			isa = PBXGroup;
			children = (
				6CF6C02122D34D4300116DE9 /* Client.swift */,
				6CF6C02222D34D4300116DE9 /* StatementItem.swift */,
				6CF6C04822D381AA00116DE9 /* StatementItem+Extra.swift */,
			);
			path = Models;
			sourceTree = "<group>";
		};
		6CF6C00222D3467900116DE9 /* Helpers */ = {
			isa = PBXGroup;
			children = (
				6CF6C02722D353B600116DE9 /* Session.swift */,
				6CF6C01C22D34CEB00116DE9 /* Alert.swift */,
				6CF6C01B22D34CEB00116DE9 /* ReadOnce.swift */,
				6CF6C00F22D348AB00116DE9 /* Constants.swift */,
				6CF6C04222D37C3100116DE9 /* Currencyes.swift */,
			);
			path = Helpers;
			sourceTree = "<group>";
		};
		6CF6C00922D346F200116DE9 /* Extensions */ = {
			isa = PBXGroup;
			children = (
				6CF6C01322D34A2B00116DE9 /* StoryboardInitializable.swift */,
				6CF6C01122D349F100116DE9 /* BaseViewController.swift */,
				6CF6C02522D34EC800116DE9 /* UIViewController+Extra.swift */,
				6CF6C04022D37A7900116DE9 /* Double+Extra.swift */,
			);
			path = Extensions;
			sourceTree = "<group>";
		};
		6CF6C00A22D3479900116DE9 /* Coordinator */ = {
			isa = PBXGroup;
			children = (
				6CF6C00B22D347AD00116DE9 /* Coordinator.swift */,
			);
			path = Coordinator;
			sourceTree = "<group>";
		};
		A61A2BA17B529DE9E81CA5A6 /* Pods */ = {
			isa = PBXGroup;
			children = (
				D692EDC8DCCD1B2159B6663A /* Pods-Fintechband test.debug.xcconfig */,
				8E1C2F4BA3DD44EEAE835B73 /* Pods-Fintechband test.release.xcconfig */,
			);
			path = Pods;
			sourceTree = "<group>";
		};
/* End PBXGroup section */

/* Begin PBXNativeTarget section */
		6CF6BFE322D33B3700116DE9 /* Fintechband test */ = {
			isa = PBXNativeTarget;
			buildConfigurationList = 6CF6BFF622D33B3800116DE9 /* Build configuration list for PBXNativeTarget "Fintechband test" */;
			buildPhases = (
				8EE16D8409E9BE7AD1C6F20B /* [CP] Check Pods Manifest.lock */,
				6CF6BFE022D33B3700116DE9 /* Sources */,
				6CF6BFE122D33B3700116DE9 /* Frameworks */,
				6CF6BFE222D33B3700116DE9 /* Resources */,
				A006D6D55D7D18CD105EC33F /* [CP] Copy Pods Resources */,
			);
			buildRules = (
			);
			dependencies = (
			);
			name = "Fintechband test";
			productName = "Fintechband test";
			productReference = 6CF6BFE422D33B3700116DE9 /* Fintechband test.app */;
			productType = "com.apple.product-type.application";
		};
/* End PBXNativeTarget section */

/* Begin PBXProject section */
		6CF6BFDC22D33B3700116DE9 /* Project object */ = {
			isa = PBXProject;
			attributes = {
				LastSwiftUpdateCheck = 1020;
				LastUpgradeCheck = 1020;
				ORGANIZATIONNAME = "Дмитрий Пучка";
				TargetAttributes = {
					6CF6BFE322D33B3700116DE9 = {
						CreatedOnToolsVersion = 10.2.1;
					};
				};
			};
			buildConfigurationList = 6CF6BFDF22D33B3700116DE9 /* Build configuration list for PBXProject "Fintechband test" */;
			compatibilityVersion = "Xcode 9.3";
			developmentRegion = en;
			hasScannedForEncodings = 0;
			knownRegions = (
				en,
				Base,
			);
			mainGroup = 6CF6BFDB22D33B3700116DE9;
			productRefGroup = 6CF6BFE522D33B3700116DE9 /* Products */;
			projectDirPath = "";
			projectRoot = "";
			targets = (
				6CF6BFE322D33B3700116DE9 /* Fintechband test */,
			);
		};
/* End PBXProject section */

/* Begin PBXResourcesBuildPhase section */
		6CF6BFE222D33B3700116DE9 /* Resources */ = {
			isa = PBXResourcesBuildPhase;
			buildActionMask = 2147483647;
			files = (
				6CF6C00622D346CD00116DE9 /* StatementDetail.storyboard in Resources */,
				6CF6BFF222D33B3800116DE9 /* LaunchScreen.storyboard in Resources */,
				6CF6C00422D346BB00116DE9 /* TokenInput.storyboard in Resources */,
				6CF6C03D22D377E500116DE9 /* Localizable.strings in Resources */,
				6CF6BFEF22D33B3800116DE9 /* Assets.xcassets in Resources */,
				6CF6C00822D346D800116DE9 /* StatementList.storyboard in Resources */,
				6CF6BFED22D33B3700116DE9 /* Main.storyboard in Resources */,
			);
			runOnlyForDeploymentPostprocessing = 0;
		};
/* End PBXResourcesBuildPhase section */

/* Begin PBXShellScriptBuildPhase section */
		8EE16D8409E9BE7AD1C6F20B /* [CP] Check Pods Manifest.lock */ = {
			isa = PBXShellScriptBuildPhase;
			buildActionMask = 2147483647;
			files = (
			);
			inputFileListPaths = (
			);
			inputPaths = (
				"${PODS_PODFILE_DIR_PATH}/Podfile.lock",
				"${PODS_ROOT}/Manifest.lock",
			);
			name = "[CP] Check Pods Manifest.lock";
			outputFileListPaths = (
			);
			outputPaths = (
				"$(DERIVED_FILE_DIR)/Pods-Fintechband test-checkManifestLockResult.txt",
			);
			runOnlyForDeploymentPostprocessing = 0;
			shellPath = /bin/sh;
			shellScript = "diff \"${PODS_PODFILE_DIR_PATH}/Podfile.lock\" \"${PODS_ROOT}/Manifest.lock\" > /dev/null\nif [ $? != 0 ] ; then\n    # print error to STDERR\n    echo \"error: The sandbox is not in sync with the Podfile.lock. Run 'pod install' or update your CocoaPods installation.\" >&2\n    exit 1\nfi\n# This output is used by Xcode 'outputs' to avoid re-running this script phase.\necho \"SUCCESS\" > \"${SCRIPT_OUTPUT_FILE_0}\"\n";
			showEnvVarsInLog = 0;
		};
		A006D6D55D7D18CD105EC33F /* [CP] Copy Pods Resources */ = {
			isa = PBXShellScriptBuildPhase;
			buildActionMask = 2147483647;
			files = (
			);
			inputFileListPaths = (
				"${PODS_ROOT}/Target Support Files/Pods-Fintechband test/Pods-Fintechband test-resources-${CONFIGURATION}-input-files.xcfilelist",
			);
			name = "[CP] Copy Pods Resources";
			outputFileListPaths = (
				"${PODS_ROOT}/Target Support Files/Pods-Fintechband test/Pods-Fintechband test-resources-${CONFIGURATION}-output-files.xcfilelist",
			);
			runOnlyForDeploymentPostprocessing = 0;
			shellPath = /bin/sh;
			shellScript = "\"${PODS_ROOT}/Target Support Files/Pods-Fintechband test/Pods-Fintechband test-resources.sh\"\n";
			showEnvVarsInLog = 0;
		};
/* End PBXShellScriptBuildPhase section */

/* Begin PBXSourcesBuildPhase section */
		6CF6BFE022D33B3700116DE9 /* Sources */ = {
			isa = PBXSourcesBuildPhase;
			buildActionMask = 2147483647;
			files = (
				6CF6C04322D37C3100116DE9 /* Currencyes.swift in Sources */,
				6CF6C01422D34A2B00116DE9 /* StoryboardInitializable.swift in Sources */,
				6CF6C02822D353B600116DE9 /* Session.swift in Sources */,
				6CF6C01822D34A6E00116DE9 /* TokenInputViewModel.swift in Sources */,
				6CF6C01022D348AB00116DE9 /* Constants.swift in Sources */,
				6CF6C03222D3580200116DE9 /* StatementListViewModel.swift in Sources */,
				6CF6C02622D34EC800116DE9 /* UIViewController+Extra.swift in Sources */,
				6CF6C03622D35B0500116DE9 /* StatementItemDetailViewModel.swift in Sources */,
				6CF6C02E22D3580200116DE9 /* StatementTableViewCell.swift in Sources */,
				6CF6C01922D34A6E00116DE9 /* TokenInputCoordinator.swift in Sources */,
				6CF6C01E22D34CEB00116DE9 /* Alert.swift in Sources */,
				6CF6C02022D34D1B00116DE9 /* ApiService.swift in Sources */,
				6CF6C03122D3580200116DE9 /* StatementListCoordinator.swift in Sources */,
				6CF6C02322D34D4300116DE9 /* Client.swift in Sources */,
				6CF6C03822D35B0500116DE9 /* StatementItemDetailCoordinator.swift in Sources */,
				6CF6C03022D3580200116DE9 /* StatementListViewController.swift in Sources */,
				6CF6C04722D37FC100116DE9 /* StatementDetailTableViewCell.swift in Sources */,
				6CF6C03722D35B0500116DE9 /* StatementItemDetailViewController.swift in Sources */,
				6CF6C02F22D3580200116DE9 /* StatementCellViewModel.swift in Sources */,
				6CF6BFE822D33B3700116DE9 /* AppDelegate.swift in Sources */,
				6CF6C02422D34D4300116DE9 /* StatementItem.swift in Sources */,
				6CF6C01A22D34A6E00116DE9 /* TokenInputViewController.swift in Sources */,
				6CF6C00C22D347AD00116DE9 /* Coordinator.swift in Sources */,
				6CF6C01D22D34CEB00116DE9 /* ReadOnce.swift in Sources */,
				6CF6C04922D381AA00116DE9 /* StatementItem+Extra.swift in Sources */,
				6CF6C01222D349F100116DE9 /* BaseViewController.swift in Sources */,
				6CF6C04122D37A7900116DE9 /* Double+Extra.swift in Sources */,
			);
			runOnlyForDeploymentPostprocessing = 0;
		};
/* End PBXSourcesBuildPhase section */

/* Begin PBXVariantGroup section */
		6CF6BFEB22D33B3700116DE9 /* Main.storyboard */ = {
			isa = PBXVariantGroup;
			children = (
				6CF6BFEC22D33B3700116DE9 /* Base */,
			);
			name = Main.storyboard;
			sourceTree = "<group>";
		};
		6CF6BFF022D33B3800116DE9 /* LaunchScreen.storyboard */ = {
			isa = PBXVariantGroup;
			children = (
				6CF6BFF122D33B3800116DE9 /* Base */,
			);
			name = LaunchScreen.storyboard;
			sourceTree = "<group>";
		};
		6CF6C03F22D377E500116DE9 /* Localizable.strings */ = {
			isa = PBXVariantGroup;
			children = (
				6CF6C03E22D377E500116DE9 /* en */,
			);
			name = Localizable.strings;
			sourceTree = "<group>";
		};
/* End PBXVariantGroup section */

/* Begin XCBuildConfiguration section */
		6CF6BFF422D33B3800116DE9 /* Debug */ = {
			isa = XCBuildConfiguration;
			buildSettings = {
				ALWAYS_SEARCH_USER_PATHS = NO;
				CLANG_ANALYZER_NONNULL = YES;
				CLANG_ANALYZER_NUMBER_OBJECT_CONVERSION = YES_AGGRESSIVE;
				CLANG_CXX_LANGUAGE_STANDARD = "gnu++14";
				CLANG_CXX_LIBRARY = "libc++";
				CLANG_ENABLE_MODULES = YES;
				CLANG_ENABLE_OBJC_ARC = YES;
				CLANG_ENABLE_OBJC_WEAK = YES;
				CLANG_WARN_BLOCK_CAPTURE_AUTORELEASING = YES;
				CLANG_WARN_BOOL_CONVERSION = YES;
				CLANG_WARN_COMMA = YES;
				CLANG_WARN_CONSTANT_CONVERSION = YES;
				CLANG_WARN_DEPRECATED_OBJC_IMPLEMENTATIONS = YES;
				CLANG_WARN_DIRECT_OBJC_ISA_USAGE = YES_ERROR;
				CLANG_WARN_DOCUMENTATION_COMMENTS = YES;
				CLANG_WARN_EMPTY_BODY = YES;
				CLANG_WARN_ENUM_CONVERSION = YES;
				CLANG_WARN_INFINITE_RECURSION = YES;
				CLANG_WARN_INT_CONVERSION = YES;
				CLANG_WARN_NON_LITERAL_NULL_CONVERSION = YES;
				CLANG_WARN_OBJC_IMPLICIT_RETAIN_SELF = YES;
				CLANG_WARN_OBJC_LITERAL_CONVERSION = YES;
				CLANG_WARN_OBJC_ROOT_CLASS = YES_ERROR;
				CLANG_WARN_RANGE_LOOP_ANALYSIS = YES;
				CLANG_WARN_STRICT_PROTOTYPES = YES;
				CLANG_WARN_SUSPICIOUS_MOVE = YES;
				CLANG_WARN_UNGUARDED_AVAILABILITY = YES_AGGRESSIVE;
				CLANG_WARN_UNREACHABLE_CODE = YES;
				CLANG_WARN__DUPLICATE_METHOD_MATCH = YES;
				CODE_SIGN_IDENTITY = "iPhone Developer";
				COPY_PHASE_STRIP = NO;
				DEBUG_INFORMATION_FORMAT = dwarf;
				ENABLE_STRICT_OBJC_MSGSEND = YES;
				ENABLE_TESTABILITY = YES;
				GCC_C_LANGUAGE_STANDARD = gnu11;
				GCC_DYNAMIC_NO_PIC = NO;
				GCC_NO_COMMON_BLOCKS = YES;
				GCC_OPTIMIZATION_LEVEL = 0;
				GCC_PREPROCESSOR_DEFINITIONS = (
					"DEBUG=1",
					"$(inherited)",
				);
				GCC_WARN_64_TO_32_BIT_CONVERSION = YES;
				GCC_WARN_ABOUT_RETURN_TYPE = YES_ERROR;
				GCC_WARN_UNDECLARED_SELECTOR = YES;
				GCC_WARN_UNINITIALIZED_AUTOS = YES_AGGRESSIVE;
				GCC_WARN_UNUSED_FUNCTION = YES;
				GCC_WARN_UNUSED_VARIABLE = YES;
				IPHONEOS_DEPLOYMENT_TARGET = 12.2;
				MTL_ENABLE_DEBUG_INFO = INCLUDE_SOURCE;
				MTL_FAST_MATH = YES;
				ONLY_ACTIVE_ARCH = YES;
				SDKROOT = iphoneos;
				SWIFT_ACTIVE_COMPILATION_CONDITIONS = DEBUG;
				SWIFT_OPTIMIZATION_LEVEL = "-Onone";
			};
			name = Debug;
		};
		6CF6BFF522D33B3800116DE9 /* Release */ = {
			isa = XCBuildConfiguration;
			buildSettings = {
				ALWAYS_SEARCH_USER_PATHS = NO;
				CLANG_ANALYZER_NONNULL = YES;
				CLANG_ANALYZER_NUMBER_OBJECT_CONVERSION = YES_AGGRESSIVE;
				CLANG_CXX_LANGUAGE_STANDARD = "gnu++14";
				CLANG_CXX_LIBRARY = "libc++";
				CLANG_ENABLE_MODULES = YES;
				CLANG_ENABLE_OBJC_ARC = YES;
				CLANG_ENABLE_OBJC_WEAK = YES;
				CLANG_WARN_BLOCK_CAPTURE_AUTORELEASING = YES;
				CLANG_WARN_BOOL_CONVERSION = YES;
				CLANG_WARN_COMMA = YES;
				CLANG_WARN_CONSTANT_CONVERSION = YES;
				CLANG_WARN_DEPRECATED_OBJC_IMPLEMENTATIONS = YES;
				CLANG_WARN_DIRECT_OBJC_ISA_USAGE = YES_ERROR;
				CLANG_WARN_DOCUMENTATION_COMMENTS = YES;
				CLANG_WARN_EMPTY_BODY = YES;
				CLANG_WARN_ENUM_CONVERSION = YES;
				CLANG_WARN_INFINITE_RECURSION = YES;
				CLANG_WARN_INT_CONVERSION = YES;
				CLANG_WARN_NON_LITERAL_NULL_CONVERSION = YES;
				CLANG_WARN_OBJC_IMPLICIT_RETAIN_SELF = YES;
				CLANG_WARN_OBJC_LITERAL_CONVERSION = YES;
				CLANG_WARN_OBJC_ROOT_CLASS = YES_ERROR;
				CLANG_WARN_RANGE_LOOP_ANALYSIS = YES;
				CLANG_WARN_STRICT_PROTOTYPES = YES;
				CLANG_WARN_SUSPICIOUS_MOVE = YES;
				CLANG_WARN_UNGUARDED_AVAILABILITY = YES_AGGRESSIVE;
				CLANG_WARN_UNREACHABLE_CODE = YES;
				CLANG_WARN__DUPLICATE_METHOD_MATCH = YES;
				CODE_SIGN_IDENTITY = "iPhone Developer";
				COPY_PHASE_STRIP = NO;
				DEBUG_INFORMATION_FORMAT = "dwarf-with-dsym";
				ENABLE_NS_ASSERTIONS = NO;
				ENABLE_STRICT_OBJC_MSGSEND = YES;
				GCC_C_LANGUAGE_STANDARD = gnu11;
				GCC_NO_COMMON_BLOCKS = YES;
				GCC_WARN_64_TO_32_BIT_CONVERSION = YES;
				GCC_WARN_ABOUT_RETURN_TYPE = YES_ERROR;
				GCC_WARN_UNDECLARED_SELECTOR = YES;
				GCC_WARN_UNINITIALIZED_AUTOS = YES_AGGRESSIVE;
				GCC_WARN_UNUSED_FUNCTION = YES;
				GCC_WARN_UNUSED_VARIABLE = YES;
				IPHONEOS_DEPLOYMENT_TARGET = 12.2;
				MTL_ENABLE_DEBUG_INFO = NO;
				MTL_FAST_MATH = YES;
				SDKROOT = iphoneos;
				SWIFT_COMPILATION_MODE = wholemodule;
				SWIFT_OPTIMIZATION_LEVEL = "-O";
				VALIDATE_PRODUCT = YES;
			};
			name = Release;
		};
		6CF6BFF722D33B3800116DE9 /* Debug */ = {
			isa = XCBuildConfiguration;
			baseConfigurationReference = D692EDC8DCCD1B2159B6663A /* Pods-Fintechband test.debug.xcconfig */;
			buildSettings = {
				ASSETCATALOG_COMPILER_APPICON_NAME = AppIcon;
				CODE_SIGN_STYLE = Automatic;
				DEVELOPMENT_TEAM = NZKKMR95V9;
				INFOPLIST_FILE = "$(SRCROOT)/Fintechband test/App/Info.plist";
				LD_RUNPATH_SEARCH_PATHS = (
					"$(inherited)",
					"@executable_path/Frameworks",
				);
				PRODUCT_BUNDLE_IDENTIFIER = "FintechbandTest.Fintechband-test";
				PRODUCT_NAME = "$(TARGET_NAME)";
				SWIFT_VERSION = 5.0;
				TARGETED_DEVICE_FAMILY = "1,2";
			};
			name = Debug;
		};
		6CF6BFF822D33B3800116DE9 /* Release */ = {
			isa = XCBuildConfiguration;
			baseConfigurationReference = 8E1C2F4BA3DD44EEAE835B73 /* Pods-Fintechband test.release.xcconfig */;
			buildSettings = {
				ASSETCATALOG_COMPILER_APPICON_NAME = AppIcon;
				CODE_SIGN_STYLE = Automatic;
				DEVELOPMENT_TEAM = NZKKMR95V9;
				INFOPLIST_FILE = "$(SRCROOT)/Fintechband test/App/Info.plist";
				LD_RUNPATH_SEARCH_PATHS = (
					"$(inherited)",
					"@executable_path/Frameworks",
				);
				PRODUCT_BUNDLE_IDENTIFIER = "FintechbandTest.Fintechband-test";
				PRODUCT_NAME = "$(TARGET_NAME)";
				SWIFT_VERSION = 5.0;
				TARGETED_DEVICE_FAMILY = "1,2";
			};
			name = Release;
		};
/* End XCBuildConfiguration section */

/* Begin XCConfigurationList section */
		6CF6BFDF22D33B3700116DE9 /* Build configuration list for PBXProject "Fintechband test" */ = {
			isa = XCConfigurationList;
			buildConfigurations = (
				6CF6BFF422D33B3800116DE9 /* Debug */,
				6CF6BFF522D33B3800116DE9 /* Release */,
			);
			defaultConfigurationIsVisible = 0;
			defaultConfigurationName = Release;
		};
		6CF6BFF622D33B3800116DE9 /* Build configuration list for PBXNativeTarget "Fintechband test" */ = {
			isa = XCConfigurationList;
			buildConfigurations = (
				6CF6BFF722D33B3800116DE9 /* Debug */,
				6CF6BFF822D33B3800116DE9 /* Release */,
			);
			defaultConfigurationIsVisible = 0;
			defaultConfigurationName = Release;
		};
/* End XCConfigurationList section */
	};
	rootObject = 6CF6BFDC22D33B3700116DE9 /* Project object */;
}
